// !$*UTF8*$!
{
	archiveVersion = 1;
	classes = {
	};
	objectVersion = 50;
	objects = {

/* Begin PBXBuildFile section */
		07C11342247DAC4C00910DC5 /* AppDelegate.swift in Sources */ = {isa = PBXBuildFile; fileRef = 07C11341247DAC4C00910DC5 /* AppDelegate.swift */; };
		07C11344247DAC4C00910DC5 /* SceneDelegate.swift in Sources */ = {isa = PBXBuildFile; fileRef = 07C11343247DAC4C00910DC5 /* SceneDelegate.swift */; };
		07C11346247DAC4C00910DC5 /* ContentView.swift in Sources */ = {isa = PBXBuildFile; fileRef = 07C11345247DAC4C00910DC5 /* ContentView.swift */; };
		07C11348247DAC4D00910DC5 /* Assets.xcassets in Resources */ = {isa = PBXBuildFile; fileRef = 07C11347247DAC4D00910DC5 /* Assets.xcassets */; };
		07C1134B247DAC4D00910DC5 /* Preview Assets.xcassets in Resources */ = {isa = PBXBuildFile; fileRef = 07C1134A247DAC4D00910DC5 /* Preview Assets.xcassets */; };
		07C1134E247DAC4D00910DC5 /* LaunchScreen.storyboard in Resources */ = {isa = PBXBuildFile; fileRef = 07C1134C247DAC4D00910DC5 /* LaunchScreen.storyboard */; };
		07C11359247DAC4D00910DC5 /* MultipleImagePickerTests.swift in Sources */ = {isa = PBXBuildFile; fileRef = 07C11358247DAC4D00910DC5 /* MultipleImagePickerTests.swift */; };
		07C11364247DAC4D00910DC5 /* MultipleImagePickerUITests.swift in Sources */ = {isa = PBXBuildFile; fileRef = 07C11363247DAC4D00910DC5 /* MultipleImagePickerUITests.swift */; };
		07C11373247DAC7000910DC5 /* MultipleImagePicker.swift in Sources */ = {isa = PBXBuildFile; fileRef = 07C11372247DAC7000910DC5 /* MultipleImagePicker.swift */; };
		07C11375247DAC8B00910DC5 /* MultipleImagePickerSheet.swift in Sources */ = {isa = PBXBuildFile; fileRef = 07C11374247DAC8B00910DC5 /* MultipleImagePickerSheet.swift */; };
/* End PBXBuildFile section */

/* Begin PBXContainerItemProxy section */
		07C11355247DAC4D00910DC5 /* PBXContainerItemProxy */ = {
			isa = PBXContainerItemProxy;
			containerPortal = 07C11336247DAC4C00910DC5 /* Project object */;
			proxyType = 1;
			remoteGlobalIDString = 07C1133D247DAC4C00910DC5;
			remoteInfo = MultipleImagePicker;
		};
		07C11360247DAC4D00910DC5 /* PBXContainerItemProxy */ = {
			isa = PBXContainerItemProxy;
			containerPortal = 07C11336247DAC4C00910DC5 /* Project object */;
			proxyType = 1;
			remoteGlobalIDString = 07C1133D247DAC4C00910DC5;
			remoteInfo = MultipleImagePicker;
		};
/* End PBXContainerItemProxy section */

/* Begin PBXFileReference section */
		07C1133E247DAC4C00910DC5 /* MultipleImagePicker.app */ = {isa = PBXFileReference; explicitFileType = wrapper.application; includeInIndex = 0; path = MultipleImagePicker.app; sourceTree = BUILT_PRODUCTS_DIR; };
		07C11341247DAC4C00910DC5 /* AppDelegate.swift */ = {isa = PBXFileReference; lastKnownFileType = sourcecode.swift; path = AppDelegate.swift; sourceTree = "<group>"; };
		07C11343247DAC4C00910DC5 /* SceneDelegate.swift */ = {isa = PBXFileReference; lastKnownFileType = sourcecode.swift; path = SceneDelegate.swift; sourceTree = "<group>"; };
		07C11345247DAC4C00910DC5 /* ContentView.swift */ = {isa = PBXFileReference; lastKnownFileType = sourcecode.swift; path = ContentView.swift; sourceTree = "<group>"; };
		07C11347247DAC4D00910DC5 /* Assets.xcassets */ = {isa = PBXFileReference; lastKnownFileType = folder.assetcatalog; path = Assets.xcassets; sourceTree = "<group>"; };
		07C1134A247DAC4D00910DC5 /* Preview Assets.xcassets */ = {isa = PBXFileReference; lastKnownFileType = folder.assetcatalog; path = "Preview Assets.xcassets"; sourceTree = "<group>"; };
		07C1134D247DAC4D00910DC5 /* Base */ = {isa = PBXFileReference; lastKnownFileType = file.storyboard; name = Base; path = Base.lproj/LaunchScreen.storyboard; sourceTree = "<group>"; };
		07C1134F247DAC4D00910DC5 /* Info.plist */ = {isa = PBXFileReference; lastKnownFileType = text.plist.xml; path = Info.plist; sourceTree = "<group>"; };
		07C11354247DAC4D00910DC5 /* MultipleImagePickerTests.xctest */ = {isa = PBXFileReference; explicitFileType = wrapper.cfbundle; includeInIndex = 0; path = MultipleImagePickerTests.xctest; sourceTree = BUILT_PRODUCTS_DIR; };
		07C11358247DAC4D00910DC5 /* MultipleImagePickerTests.swift */ = {isa = PBXFileReference; lastKnownFileType = sourcecode.swift; path = MultipleImagePickerTests.swift; sourceTree = "<group>"; };
		07C1135A247DAC4D00910DC5 /* Info.plist */ = {isa = PBXFileReference; lastKnownFileType = text.plist.xml; path = Info.plist; sourceTree = "<group>"; };
		07C1135F247DAC4D00910DC5 /* MultipleImagePickerUITests.xctest */ = {isa = PBXFileReference; explicitFileType = wrapper.cfbundle; includeInIndex = 0; path = MultipleImagePickerUITests.xctest; sourceTree = BUILT_PRODUCTS_DIR; };
		07C11363247DAC4D00910DC5 /* MultipleImagePickerUITests.swift */ = {isa = PBXFileReference; lastKnownFileType = sourcecode.swift; path = MultipleImagePickerUITests.swift; sourceTree = "<group>"; };
		07C11365247DAC4D00910DC5 /* Info.plist */ = {isa = PBXFileReference; lastKnownFileType = text.plist.xml; path = Info.plist; sourceTree = "<group>"; };
		07C11372247DAC7000910DC5 /* MultipleImagePicker.swift */ = {isa = PBXFileReference; lastKnownFileType = sourcecode.swift; path = MultipleImagePicker.swift; sourceTree = "<group>"; };
		07C11374247DAC8B00910DC5 /* MultipleImagePickerSheet.swift */ = {isa = PBXFileReference; lastKnownFileType = sourcecode.swift; path = MultipleImagePickerSheet.swift; sourceTree = "<group>"; };
/* End PBXFileReference section */

/* Begin PBXFrameworksBuildPhase section */
		07C1133B247DAC4C00910DC5 /* Frameworks */ = {
			isa = PBXFrameworksBuildPhase;
			buildActionMask = 2147483647;
			files = (
			);
			runOnlyForDeploymentPostprocessing = 0;
		};
		07C11351247DAC4D00910DC5 /* Frameworks */ = {
			isa = PBXFrameworksBuildPhase;
			buildActionMask = 2147483647;
			files = (
			);
			runOnlyForDeploymentPostprocessing = 0;
		};
		07C1135C247DAC4D00910DC5 /* Frameworks */ = {
			isa = PBXFrameworksBuildPhase;
			buildActionMask = 2147483647;
			files = (
			);
			runOnlyForDeploymentPostprocessing = 0;
		};
/* End PBXFrameworksBuildPhase section */

/* Begin PBXGroup section */
		07C11335247DAC4C00910DC5 = {
			isa = PBXGroup;
			children = (
				07C11340247DAC4C00910DC5 /* MultipleImagePicker */,
				07C11357247DAC4D00910DC5 /* MultipleImagePickerTests */,
				07C11362247DAC4D00910DC5 /* MultipleImagePickerUITests */,
				07C1133F247DAC4C00910DC5 /* Products */,
			);
			sourceTree = "<group>";
		};
		07C1133F247DAC4C00910DC5 /* Products */ = {
			isa = PBXGroup;
			children = (
				07C1133E247DAC4C00910DC5 /* MultipleImagePicker.app */,
				07C11354247DAC4D00910DC5 /* MultipleImagePickerTests.xctest */,
				07C1135F247DAC4D00910DC5 /* MultipleImagePickerUITests.xctest */,
			);
			name = Products;
			sourceTree = "<group>";
		};
		07C11340247DAC4C00910DC5 /* MultipleImagePicker */ = {
			isa = PBXGroup;
			children = (
				07C11371247DAC5400910DC5 /* Source */,
				07C11341247DAC4C00910DC5 /* AppDelegate.swift */,
				07C11343247DAC4C00910DC5 /* SceneDelegate.swift */,
				07C11345247DAC4C00910DC5 /* ContentView.swift */,
				07C11347247DAC4D00910DC5 /* Assets.xcassets */,
				07C1134C247DAC4D00910DC5 /* LaunchScreen.storyboard */,
				07C1134F247DAC4D00910DC5 /* Info.plist */,
				07C11349247DAC4D00910DC5 /* Preview Content */,
			);
			path = MultipleImagePicker;
			sourceTree = "<group>";
		};
		07C11349247DAC4D00910DC5 /* Preview Content */ = {
			isa = PBXGroup;
			children = (
				07C1134A247DAC4D00910DC5 /* Preview Assets.xcassets */,
			);
			path = "Preview Content";
			sourceTree = "<group>";
		};
		07C11357247DAC4D00910DC5 /* MultipleImagePickerTests */ = {
			isa = PBXGroup;
			children = (
				07C11358247DAC4D00910DC5 /* MultipleImagePickerTests.swift */,
				07C1135A247DAC4D00910DC5 /* Info.plist */,
			);
			path = MultipleImagePickerTests;
			sourceTree = "<group>";
		};
		07C11362247DAC4D00910DC5 /* MultipleImagePickerUITests */ = {
			isa = PBXGroup;
			children = (
				07C11363247DAC4D00910DC5 /* MultipleImagePickerUITests.swift */,
				07C11365247DAC4D00910DC5 /* Info.plist */,
			);
			path = MultipleImagePickerUITests;
			sourceTree = "<group>";
		};
		07C11371247DAC5400910DC5 /* Source */ = {
			isa = PBXGroup;
			children = (
				07C11372247DAC7000910DC5 /* MultipleImagePicker.swift */,
				07C11374247DAC8B00910DC5 /* MultipleImagePickerSheet.swift */,
			);
			path = Source;
			sourceTree = "<group>";
		};
/* End PBXGroup section */

/* Begin PBXNativeTarget section */
		07C1133D247DAC4C00910DC5 /* MultipleImagePicker */ = {
			isa = PBXNativeTarget;
			buildConfigurationList = 07C11368247DAC4D00910DC5 /* Build configuration list for PBXNativeTarget "MultipleImagePicker" */;
			buildPhases = (
				07C1133A247DAC4C00910DC5 /* Sources */,
				07C1133B247DAC4C00910DC5 /* Frameworks */,
				07C1133C247DAC4C00910DC5 /* Resources */,
			);
			buildRules = (
			);
			dependencies = (
			);
			name = MultipleImagePicker;
			productName = MultipleImagePicker;
			productReference = 07C1133E247DAC4C00910DC5 /* MultipleImagePicker.app */;
			productType = "com.apple.product-type.application";
		};
		07C11353247DAC4D00910DC5 /* MultipleImagePickerTests */ = {
			isa = PBXNativeTarget;
			buildConfigurationList = 07C1136B247DAC4D00910DC5 /* Build configuration list for PBXNativeTarget "MultipleImagePickerTests" */;
			buildPhases = (
				07C11350247DAC4D00910DC5 /* Sources */,
				07C11351247DAC4D00910DC5 /* Frameworks */,
				07C11352247DAC4D00910DC5 /* Resources */,
			);
			buildRules = (
			);
			dependencies = (
				07C11356247DAC4D00910DC5 /* PBXTargetDependency */,
			);
			name = MultipleImagePickerTests;
			productName = MultipleImagePickerTests;
			productReference = 07C11354247DAC4D00910DC5 /* MultipleImagePickerTests.xctest */;
			productType = "com.apple.product-type.bundle.unit-test";
		};
		07C1135E247DAC4D00910DC5 /* MultipleImagePickerUITests */ = {
			isa = PBXNativeTarget;
			buildConfigurationList = 07C1136E247DAC4D00910DC5 /* Build configuration list for PBXNativeTarget "MultipleImagePickerUITests" */;
			buildPhases = (
				07C1135B247DAC4D00910DC5 /* Sources */,
				07C1135C247DAC4D00910DC5 /* Frameworks */,
				07C1135D247DAC4D00910DC5 /* Resources */,
			);
			buildRules = (
			);
			dependencies = (
				07C11361247DAC4D00910DC5 /* PBXTargetDependency */,
			);
			name = MultipleImagePickerUITests;
			productName = MultipleImagePickerUITests;
			productReference = 07C1135F247DAC4D00910DC5 /* MultipleImagePickerUITests.xctest */;
			productType = "com.apple.product-type.bundle.ui-testing";
		};
/* End PBXNativeTarget section */

/* Begin PBXProject section */
		07C11336247DAC4C00910DC5 /* Project object */ = {
			isa = PBXProject;
			attributes = {
				LastSwiftUpdateCheck = 1150;
				LastUpgradeCheck = 1150;
				ORGANIZATIONNAME = ibrahimyilmaz;
				TargetAttributes = {
					07C1133D247DAC4C00910DC5 = {
						CreatedOnToolsVersion = 11.5;
					};
					07C11353247DAC4D00910DC5 = {
						CreatedOnToolsVersion = 11.5;
						TestTargetID = 07C1133D247DAC4C00910DC5;
					};
					07C1135E247DAC4D00910DC5 = {
						CreatedOnToolsVersion = 11.5;
						TestTargetID = 07C1133D247DAC4C00910DC5;
					};
				};
			};
			buildConfigurationList = 07C11339247DAC4C00910DC5 /* Build configuration list for PBXProject "MultipleImagePicker" */;
			compatibilityVersion = "Xcode 9.3";
			developmentRegion = en;
			hasScannedForEncodings = 0;
			knownRegions = (
				en,
				Base,
			);
			mainGroup = 07C11335247DAC4C00910DC5;
			productRefGroup = 07C1133F247DAC4C00910DC5 /* Products */;
			projectDirPath = "";
			projectRoot = "";
			targets = (
				07C1133D247DAC4C00910DC5 /* MultipleImagePicker */,
				07C11353247DAC4D00910DC5 /* MultipleImagePickerTests */,
				07C1135E247DAC4D00910DC5 /* MultipleImagePickerUITests */,
			);
		};
/* End PBXProject section */

/* Begin PBXResourcesBuildPhase section */
		07C1133C247DAC4C00910DC5 /* Resources */ = {
			isa = PBXResourcesBuildPhase;
			buildActionMask = 2147483647;
			files = (
				07C1134E247DAC4D00910DC5 /* LaunchScreen.storyboard in Resources */,
				07C1134B247DAC4D00910DC5 /* Preview Assets.xcassets in Resources */,
				07C11348247DAC4D00910DC5 /* Assets.xcassets in Resources */,
			);
			runOnlyForDeploymentPostprocessing = 0;
		};
		07C11352247DAC4D00910DC5 /* Resources */ = {
			isa = PBXResourcesBuildPhase;
			buildActionMask = 2147483647;
			files = (
			);
			runOnlyForDeploymentPostprocessing = 0;
		};
		07C1135D247DAC4D00910DC5 /* Resources */ = {
			isa = PBXResourcesBuildPhase;
			buildActionMask = 2147483647;
			files = (
			);
			runOnlyForDeploymentPostprocessing = 0;
		};
/* End PBXResourcesBuildPhase section */

/* Begin PBXSourcesBuildPhase section */
		07C1133A247DAC4C00910DC5 /* Sources */ = {
			isa = PBXSourcesBuildPhase;
			buildActionMask = 2147483647;
			files = (
				07C11342247DAC4C00910DC5 /* AppDelegate.swift in Sources */,
				07C11375247DAC8B00910DC5 /* MultipleImagePickerSheet.swift in Sources */,
				07C11373247DAC7000910DC5 /* MultipleImagePicker.swift in Sources */,
				07C11344247DAC4C00910DC5 /* SceneDelegate.swift in Sources */,
				07C11346247DAC4C00910DC5 /* ContentView.swift in Sources */,
			);
			runOnlyForDeploymentPostprocessing = 0;
		};
		07C11350247DAC4D00910DC5 /* Sources */ = {
			isa = PBXSourcesBuildPhase;
			buildActionMask = 2147483647;
			files = (
				07C11359247DAC4D00910DC5 /* MultipleImagePickerTests.swift in Sources */,
			);
			runOnlyForDeploymentPostprocessing = 0;
		};
		07C1135B247DAC4D00910DC5 /* Sources */ = {
			isa = PBXSourcesBuildPhase;
			buildActionMask = 2147483647;
			files = (
				07C11364247DAC4D00910DC5 /* MultipleImagePickerUITests.swift in Sources */,
			);
			runOnlyForDeploymentPostprocessing = 0;
		};
/* End PBXSourcesBuildPhase section */

/* Begin PBXTargetDependency section */
		07C11356247DAC4D00910DC5 /* PBXTargetDependency */ = {
			isa = PBXTargetDependency;
			target = 07C1133D247DAC4C00910DC5 /* MultipleImagePicker */;
			targetProxy = 07C11355247DAC4D00910DC5 /* PBXContainerItemProxy */;
		};
		07C11361247DAC4D00910DC5 /* PBXTargetDependency */ = {
			isa = PBXTargetDependency;
			target = 07C1133D247DAC4C00910DC5 /* MultipleImagePicker */;
			targetProxy = 07C11360247DAC4D00910DC5 /* PBXContainerItemProxy */;
		};
/* End PBXTargetDependency section */

/* Begin PBXVariantGroup section */
		07C1134C247DAC4D00910DC5 /* LaunchScreen.storyboard */ = {
			isa = PBXVariantGroup;
			children = (
				07C1134D247DAC4D00910DC5 /* Base */,
			);
			name = LaunchScreen.storyboard;
			sourceTree = "<group>";
		};
/* End PBXVariantGroup section */

/* Begin XCBuildConfiguration section */
		07C11366247DAC4D00910DC5 /* Debug */ = {
			isa = XCBuildConfiguration;
			buildSettings = {
				ALWAYS_SEARCH_USER_PATHS = NO;
				CLANG_ANALYZER_NONNULL = YES;
				CLANG_ANALYZER_NUMBER_OBJECT_CONVERSION = YES_AGGRESSIVE;
				CLANG_CXX_LANGUAGE_STANDARD = "gnu++14";
				CLANG_CXX_LIBRARY = "libc++";
				CLANG_ENABLE_MODULES = YES;
				CLANG_ENABLE_OBJC_ARC = YES;
				CLANG_ENABLE_OBJC_WEAK = YES;
				CLANG_WARN_BLOCK_CAPTURE_AUTORELEASING = YES;
				CLANG_WARN_BOOL_CONVERSION = YES;
				CLANG_WARN_COMMA = YES;
				CLANG_WARN_CONSTANT_CONVERSION = YES;
				CLANG_WARN_DEPRECATED_OBJC_IMPLEMENTATIONS = YES;
				CLANG_WARN_DIRECT_OBJC_ISA_USAGE = YES_ERROR;
				CLANG_WARN_DOCUMENTATION_COMMENTS = YES;
				CLANG_WARN_EMPTY_BODY = YES;
				CLANG_WARN_ENUM_CONVERSION = YES;
				CLANG_WARN_INFINITE_RECURSION = YES;
				CLANG_WARN_INT_CONVERSION = YES;
				CLANG_WARN_NON_LITERAL_NULL_CONVERSION = YES;
				CLANG_WARN_OBJC_IMPLICIT_RETAIN_SELF = YES;
				CLANG_WARN_OBJC_LITERAL_CONVERSION = YES;
				CLANG_WARN_OBJC_ROOT_CLASS = YES_ERROR;
				CLANG_WARN_RANGE_LOOP_ANALYSIS = YES;
				CLANG_WARN_STRICT_PROTOTYPES = YES;
				CLANG_WARN_SUSPICIOUS_MOVE = YES;
				CLANG_WARN_UNGUARDED_AVAILABILITY = YES_AGGRESSIVE;
				CLANG_WARN_UNREACHABLE_CODE = YES;
				CLANG_WARN__DUPLICATE_METHOD_MATCH = YES;
				COPY_PHASE_STRIP = NO;
				DEBUG_INFORMATION_FORMAT = dwarf;
				ENABLE_STRICT_OBJC_MSGSEND = YES;
				ENABLE_TESTABILITY = YES;
				GCC_C_LANGUAGE_STANDARD = gnu11;
				GCC_DYNAMIC_NO_PIC = NO;
				GCC_NO_COMMON_BLOCKS = YES;
				GCC_OPTIMIZATION_LEVEL = 0;
				GCC_PREPROCESSOR_DEFINITIONS = (
					"DEBUG=1",
					"$(inherited)",
				);
				GCC_WARN_64_TO_32_BIT_CONVERSION = YES;
				GCC_WARN_ABOUT_RETURN_TYPE = YES_ERROR;
				GCC_WARN_UNDECLARED_SELECTOR = YES;
				GCC_WARN_UNINITIALIZED_AUTOS = YES_AGGRESSIVE;
				GCC_WARN_UNUSED_FUNCTION = YES;
				GCC_WARN_UNUSED_VARIABLE = YES;
				IPHONEOS_DEPLOYMENT_TARGET = 13.5;
				MTL_ENABLE_DEBUG_INFO = INCLUDE_SOURCE;
				MTL_FAST_MATH = YES;
				ONLY_ACTIVE_ARCH = YES;
				SDKROOT = iphoneos;
				SWIFT_ACTIVE_COMPILATION_CONDITIONS = DEBUG;
				SWIFT_OPTIMIZATION_LEVEL = "-Onone";
			};
			name = Debug;
		};
		07C11367247DAC4D00910DC5 /* Release */ = {
			isa = XCBuildConfiguration;
			buildSettings = {
				ALWAYS_SEARCH_USER_PATHS = NO;
				CLANG_ANALYZER_NONNULL = YES;
				CLANG_ANALYZER_NUMBER_OBJECT_CONVERSION = YES_AGGRESSIVE;
				CLANG_CXX_LANGUAGE_STANDARD = "gnu++14";
				CLANG_CXX_LIBRARY = "libc++";
				CLANG_ENABLE_MODULES = YES;
				CLANG_ENABLE_OBJC_ARC = YES;
				CLANG_ENABLE_OBJC_WEAK = YES;
				CLANG_WARN_BLOCK_CAPTURE_AUTORELEASING = YES;
				CLANG_WARN_BOOL_CONVERSION = YES;
				CLANG_WARN_COMMA = YES;
				CLANG_WARN_CONSTANT_CONVERSION = YES;
				CLANG_WARN_DEPRECATED_OBJC_IMPLEMENTATIONS = YES;
				CLANG_WARN_DIRECT_OBJC_ISA_USAGE = YES_ERROR;
				CLANG_WARN_DOCUMENTATION_COMMENTS = YES;
				CLANG_WARN_EMPTY_BODY = YES;
				CLANG_WARN_ENUM_CONVERSION = YES;
				CLANG_WARN_INFINITE_RECURSION = YES;
				CLANG_WARN_INT_CONVERSION = YES;
				CLANG_WARN_NON_LITERAL_NULL_CONVERSION = YES;
				CLANG_WARN_OBJC_IMPLICIT_RETAIN_SELF = YES;
				CLANG_WARN_OBJC_LITERAL_CONVERSION = YES;
				CLANG_WARN_OBJC_ROOT_CLASS = YES_ERROR;
				CLANG_WARN_RANGE_LOOP_ANALYSIS = YES;
				CLANG_WARN_STRICT_PROTOTYPES = YES;
				CLANG_WARN_SUSPICIOUS_MOVE = YES;
				CLANG_WARN_UNGUARDED_AVAILABILITY = YES_AGGRESSIVE;
				CLANG_WARN_UNREACHABLE_CODE = YES;
				CLANG_WARN__DUPLICATE_METHOD_MATCH = YES;
				COPY_PHASE_STRIP = NO;
				DEBUG_INFORMATION_FORMAT = "dwarf-with-dsym";
				ENABLE_NS_ASSERTIONS = NO;
				ENABLE_STRICT_OBJC_MSGSEND = YES;
				GCC_C_LANGUAGE_STANDARD = gnu11;
				GCC_NO_COMMON_BLOCKS = YES;
				GCC_WARN_64_TO_32_BIT_CONVERSION = YES;
				GCC_WARN_ABOUT_RETURN_TYPE = YES_ERROR;
				GCC_WARN_UNDECLARED_SELECTOR = YES;
				GCC_WARN_UNINITIALIZED_AUTOS = YES_AGGRESSIVE;
				GCC_WARN_UNUSED_FUNCTION = YES;
				GCC_WARN_UNUSED_VARIABLE = YES;
				IPHONEOS_DEPLOYMENT_TARGET = 13.5;
				MTL_ENABLE_DEBUG_INFO = NO;
				MTL_FAST_MATH = YES;
				SDKROOT = iphoneos;
				SWIFT_COMPILATION_MODE = wholemodule;
				SWIFT_OPTIMIZATION_LEVEL = "-O";
				VALIDATE_PRODUCT = YES;
			};
			name = Release;
		};
		07C11369247DAC4D00910DC5 /* Debug */ = {
			isa = XCBuildConfiguration;
			buildSettings = {
				ASSETCATALOG_COMPILER_APPICON_NAME = AppIcon;
				CODE_SIGN_STYLE = Automatic;
				DEVELOPMENT_ASSET_PATHS = "\"MultipleImagePicker/Preview Content\"";
				ENABLE_PREVIEWS = YES;
				INFOPLIST_FILE = MultipleImagePicker/Info.plist;
				LD_RUNPATH_SEARCH_PATHS = (
					"$(inherited)",
					"@executable_path/Frameworks",
				);
				PRODUCT_BUNDLE_IDENTIFIER = com.ibrahimyilmaz.MultipleImagePicker;
				PRODUCT_NAME = "$(TARGET_NAME)";
				SWIFT_VERSION = 5.0;
				TARGETED_DEVICE_FAMILY = "1,2";
			};
			name = Debug;
		};
		07C1136A247DAC4D00910DC5 /* Release */ = {
			isa = XCBuildConfiguration;
			buildSettings = {
				ASSETCATALOG_COMPILER_APPICON_NAME = AppIcon;
				CODE_SIGN_STYLE = Automatic;
				DEVELOPMENT_ASSET_PATHS = "\"MultipleImagePicker/Preview Content\"";
				ENABLE_PREVIEWS = YES;
				INFOPLIST_FILE = MultipleImagePicker/Info.plist;
				LD_RUNPATH_SEARCH_PATHS = (
					"$(inherited)",
					"@executable_path/Frameworks",
				);
				PRODUCT_BUNDLE_IDENTIFIER = com.ibrahimyilmaz.MultipleImagePicker;
				PRODUCT_NAME = "$(TARGET_NAME)";
				SWIFT_VERSION = 5.0;
				TARGETED_DEVICE_FAMILY = "1,2";
			};
			name = Release;
		};
		07C1136C247DAC4D00910DC5 /* Debug */ = {
			isa = XCBuildConfiguration;
			buildSettings = {
				ALWAYS_EMBED_SWIFT_STANDARD_LIBRARIES = YES;
				BUNDLE_LOADER = "$(TEST_HOST)";
				CODE_SIGN_STYLE = Automatic;
				INFOPLIST_FILE = MultipleImagePickerTests/Info.plist;
				IPHONEOS_DEPLOYMENT_TARGET = 13.5;
				LD_RUNPATH_SEARCH_PATHS = (
					"$(inherited)",
					"@executable_path/Frameworks",
					"@loader_path/Frameworks",
				);
				PRODUCT_BUNDLE_IDENTIFIER = com.ibrahimyilmaz.MultipleImagePickerTests;
				PRODUCT_NAME = "$(TARGET_NAME)";
				SWIFT_VERSION = 5.0;
				TARGETED_DEVICE_FAMILY = "1,2";
				TEST_HOST = "$(BUILT_PRODUCTS_DIR)/MultipleImagePicker.app/MultipleImagePicker";
			};
			name = Debug;
		};
		07C1136D247DAC4D00910DC5 /* Release */ = {
			isa = XCBuildConfiguration;
			buildSettings = {
				ALWAYS_EMBED_SWIFT_STANDARD_LIBRARIES = YES;
				BUNDLE_LOADER = "$(TEST_HOST)";
				CODE_SIGN_STYLE = Automatic;
				INFOPLIST_FILE = MultipleImagePickerTests/Info.plist;
				IPHONEOS_DEPLOYMENT_TARGET = 13.5;
				LD_RUNPATH_SEARCH_PATHS = (
					"$(inherited)",
					"@executable_path/Frameworks",
					"@loader_path/Frameworks",
				);
				PRODUCT_BUNDLE_IDENTIFIER = com.ibrahimyilmaz.MultipleImagePickerTests;
				PRODUCT_NAME = "$(TARGET_NAME)";
				SWIFT_VERSION = 5.0;
				TARGETED_DEVICE_FAMILY = "1,2";
				TEST_HOST = "$(BUILT_PRODUCTS_DIR)/MultipleImagePicker.app/MultipleImagePicker";
			};
			name = Release;
		};
		07C1136F247DAC4D00910DC5 /* Debug */ = {
			isa = XCBuildConfiguration;
			buildSettings = {
				ALWAYS_EMBED_SWIFT_STANDARD_LIBRARIES = YES;
				CODE_SIGN_STYLE = Automatic;
				INFOPLIST_FILE = MultipleImagePickerUITests/Info.plist;
				LD_RUNPATH_SEARCH_PATHS = (
					"$(inherited)",
					"@executable_path/Frameworks",
					"@loader_path/Frameworks",
				);
				PRODUCT_BUNDLE_IDENTIFIER = com.ibrahimyilmaz.MultipleImagePickerUITests;
				PRODUCT_NAME = "$(TARGET_NAME)";
				SWIFT_VERSION = 5.0;
				TARGETED_DEVICE_FAMILY = "1,2";
				TEST_TARGET_NAME = MultipleImagePicker;
			};
			name = Debug;
		};
		07C11370247DAC4D00910DC5 /* Release */ = {
			isa = XCBuildConfiguration;
			buildSettings = {
				ALWAYS_EMBED_SWIFT_STANDARD_LIBRARIES = YES;
				CODE_SIGN_STYLE = Automatic;
				INFOPLIST_FILE = MultipleImagePickerUITests/Info.plist;
				LD_RUNPATH_SEARCH_PATHS = (
					"$(inherited)",
					"@executable_path/Frameworks",
					"@loader_path/Frameworks",
				);
				PRODUCT_BUNDLE_IDENTIFIER = com.ibrahimyilmaz.MultipleImagePickerUITests;
				PRODUCT_NAME = "$(TARGET_NAME)";
				SWIFT_VERSION = 5.0;
				TARGETED_DEVICE_FAMILY = "1,2";
				TEST_TARGET_NAME = MultipleImagePicker;
			};
			name = Release;
		};
/* End XCBuildConfiguration section */

/* Begin XCConfigurationList section */
		07C11339247DAC4C00910DC5 /* Build configuration list for PBXProject "MultipleImagePicker" */ = {
			isa = XCConfigurationList;
			buildConfigurations = (
				07C11366247DAC4D00910DC5 /* Debug */,
				07C11367247DAC4D00910DC5 /* Release */,
			);
			defaultConfigurationIsVisible = 0;
			defaultConfigurationName = Release;
		};
		07C11368247DAC4D00910DC5 /* Build configuration list for PBXNativeTarget "MultipleImagePicker" */ = {
			isa = XCConfigurationList;
			buildConfigurations = (
				07C11369247DAC4D00910DC5 /* Debug */,
				07C1136A247DAC4D00910DC5 /* Release */,
			);
			defaultConfigurationIsVisible = 0;
			defaultConfigurationName = Release;
		};
		07C1136B247DAC4D00910DC5 /* Build configuration list for PBXNativeTarget "MultipleImagePickerTests" */ = {
			isa = XCConfigurationList;
			buildConfigurations = (
				07C1136C247DAC4D00910DC5 /* Debug */,
				07C1136D247DAC4D00910DC5 /* Release */,
			);
			defaultConfigurationIsVisible = 0;
			defaultConfigurationName = Release;
		};
		07C1136E247DAC4D00910DC5 /* Build configuration list for PBXNativeTarget "MultipleImagePickerUITests" */ = {
			isa = XCConfigurationList;
			buildConfigurations = (
				07C1136F247DAC4D00910DC5 /* Debug */,
				07C11370247DAC4D00910DC5 /* Release */,
			);
			defaultConfigurationIsVisible = 0;
			defaultConfigurationName = Release;
		};
/* End XCConfigurationList section */
	};
	rootObject = 07C11336247DAC4C00910DC5 /* Project object */;
}
